
Microsoft Visual Studio Solution File, Format Version 12.00
# Visual Studio Version 16
VisualStudioVersion = 16.0.31515.178
MinimumVisualStudioVersion = 10.0.40219.1
Project("{9A19103F-16F7-4668-BE54-9A1E7A4F7556}") = "RepositoryPatternWithUOW.Api", "RepositoryPatternWithUOW.Api\RepositoryPatternWithUOW.Api.csproj", "{A377F8BB-3C68-4471-A91C-717B531DC8DA}"
EndProject
Project("{FAE04EC0-301F-11D3-BF4B-00C04F79EFBC}") = "RepositoryPatternWithUOW.Core", "RepositoryPatternWithUOW.Core\RepositoryPatternWithUOW.Core.csproj", "{D4A9AF53-4B10-43DE-9FE3-58F9D37C6B30}"
EndProject
Project("{FAE04EC0-301F-11D3-BF4B-00C04F79EFBC}") = "RepositoryPatternWithUOW.EF", "RepositoryPatternWithUOW.EF\RepositoryPatternWithUOW.EF.csproj", "{3A02A0E2-7CB8-4286-8AA0-CC5B8010B700}"
EndProject
Global
	GlobalSection(SolutionConfigurationPlatforms) = preSolution
		Debug|Any CPU = Debug|Any CPU
		Release|Any CPU = Release|Any CPU
	EndGlobalSection
	GlobalSection(ProjectConfigurationPlatforms) = postSolution
		{A377F8BB-3C68-4471-A91C-717B531DC8DA}.Debug|Any CPU.ActiveCfg = Debug|Any CPU
		{A377F8BB-3C68-4471-A91C-717B531DC8DA}.Debug|Any CPU.Build.0 = Debug|Any CPU
		{A377F8BB-3C68-4471-A91C-717B531DC8DA}.Release|Any CPU.ActiveCfg = Release|Any CPU
		{A377F8BB-3C68-4471-A91C-717B531DC8DA}.Release|Any CPU.Build.0 = Release|Any CPU
		{D4A9AF53-4B10-43DE-9FE3-58F9D37C6B30}.Debug|Any CPU.ActiveCfg = Debug|Any CPU
		{D4A9AF53-4B10-43DE-9FE3-58F9D37C6B30}.Debug|Any CPU.Build.0 = Debug|Any CPU
		{D4A9AF53-4B10-43DE-9FE3-58F9D37C6B30}.Release|Any CPU.ActiveCfg = Release|Any CPU
		{D4A9AF53-4B10-43DE-9FE3-58F9D37C6B30}.Release|Any CPU.Build.0 = Release|Any CPU
		{3A02A0E2-7CB8-4286-8AA0-CC5B8010B700}.Debug|Any CPU.ActiveCfg = Debug|Any CPU
		{3A02A0E2-7CB8-4286-8AA0-CC5B8010B700}.Debug|Any CPU.Build.0 = Debug|Any CPU
		{3A02A0E2-7CB8-4286-8AA0-CC5B8010B700}.Release|Any CPU.ActiveCfg = Release|Any CPU
		{3A02A0E2-7CB8-4286-8AA0-CC5B8010B700}.Release|Any CPU.Build.0 = Release|Any CPU
	EndGlobalSection
	GlobalSection(SolutionProperties) = preSolution
		HideSolutionNode = FALSE
	EndGlobalSection
	GlobalSection(ExtensibilityGlobals) = postSolution
		SolutionGuid = {5F29100E-CB49-4DD8-98FC-AAE691D8680B}
	EndGlobalSection
EndGlobal
